
Microsoft Visual Studio Solution File, Format Version 12.00
# Visual Studio 2013
VisualStudioVersion = 12.0.30723.0
MinimumVisualStudioVersion = 10.0.40219.1
Project("{F2A71F9B-5D33-465A-A702-920D77279786}") = "SampleTypeProviderToUseCSharp.Demo", "SampleTypeProviderToUseCSharp.Demo\SampleTypeProviderToUseCSharp.Demo.fsproj", "{1549B7D0-8AA8-42CA-B4FF-D71D318699D7}"
EndProject
Project("{FAE04EC0-301F-11D3-BF4B-00C04F79EFBC}") = "ConsoleCSharp", "ConsoleCSharp\ConsoleCSharp.csproj", "{C94E029C-B475-4E1E-9415-EF0D1B62A1EA}"
EndProject
Project("{F2A71F9B-5D33-465A-A702-920D77279786}") = "FSharpLib", "FSharpLib\FSharpLib.fsproj", "{8CF2BCBA-4C7E-4BC1-BC27-77B943B642C7}"
EndProject
Project("{FAE04EC0-301F-11D3-BF4B-00C04F79EFBC}") = "ConsoleCSharpDirect", "ConsoleCSharpDirect\ConsoleCSharpDirect.csproj", "{0C07F10D-2089-4EFE-A150-1AA37FC98BEC}"
EndProject
Global
	GlobalSection(SolutionConfigurationPlatforms) = preSolution
		Debug|Any CPU = Debug|Any CPU
		Release|Any CPU = Release|Any CPU
	EndGlobalSection
	GlobalSection(ProjectConfigurationPlatforms) = postSolution
		{1549B7D0-8AA8-42CA-B4FF-D71D318699D7}.Debug|Any CPU.ActiveCfg = Debug|Any CPU
		{1549B7D0-8AA8-42CA-B4FF-D71D318699D7}.Debug|Any CPU.Build.0 = Debug|Any CPU
		{1549B7D0-8AA8-42CA-B4FF-D71D318699D7}.Release|Any CPU.ActiveCfg = Release|Any CPU
		{1549B7D0-8AA8-42CA-B4FF-D71D318699D7}.Release|Any CPU.Build.0 = Release|Any CPU
		{C94E029C-B475-4E1E-9415-EF0D1B62A1EA}.Debug|Any CPU.ActiveCfg = Debug|Any CPU
		{C94E029C-B475-4E1E-9415-EF0D1B62A1EA}.Debug|Any CPU.Build.0 = Debug|Any CPU
		{C94E029C-B475-4E1E-9415-EF0D1B62A1EA}.Release|Any CPU.ActiveCfg = Release|Any CPU
		{C94E029C-B475-4E1E-9415-EF0D1B62A1EA}.Release|Any CPU.Build.0 = Release|Any CPU
		{8CF2BCBA-4C7E-4BC1-BC27-77B943B642C7}.Debug|Any CPU.ActiveCfg = Debug|Any CPU
		{8CF2BCBA-4C7E-4BC1-BC27-77B943B642C7}.Debug|Any CPU.Build.0 = Debug|Any CPU
		{8CF2BCBA-4C7E-4BC1-BC27-77B943B642C7}.Release|Any CPU.ActiveCfg = Release|Any CPU
		{8CF2BCBA-4C7E-4BC1-BC27-77B943B642C7}.Release|Any CPU.Build.0 = Release|Any CPU
		{0C07F10D-2089-4EFE-A150-1AA37FC98BEC}.Debug|Any CPU.ActiveCfg = Debug|Any CPU
		{0C07F10D-2089-4EFE-A150-1AA37FC98BEC}.Debug|Any CPU.Build.0 = Debug|Any CPU
		{0C07F10D-2089-4EFE-A150-1AA37FC98BEC}.Release|Any CPU.ActiveCfg = Release|Any CPU
		{0C07F10D-2089-4EFE-A150-1AA37FC98BEC}.Release|Any CPU.Build.0 = Release|Any CPU
	EndGlobalSection
	GlobalSection(SolutionProperties) = preSolution
		HideSolutionNode = FALSE
	EndGlobalSection
EndGlobal
